
Microsoft Visual Studio Solution File, Format Version 12.00
# Visual Studio 15
Project("{FAE04EC0-301F-11D3-BF4B-00C04F79EFBC}") = "Assembly-CSharp", "Assembly-CSharp.csproj", "{9950CC5A-A0C3-8CFC-6114-987EEA28B593}"
EndProject
Project("{FAE04EC0-301F-11D3-BF4B-00C04F79EFBC}") = "Assembly-CSharp-Editor", "Assembly-CSharp-Editor.csproj", "{A377B15B-F8C5-5474-1F00-33A8EFB47509}"
EndProject
Global
	GlobalSection(SolutionConfigurationPlatforms) = preSolution
		Debug|Any CPU = Debug|Any CPU
		Release|Any CPU = Release|Any CPU
	EndGlobalSection
	GlobalSection(ProjectConfigurationPlatforms) = postSolution
		{9950CC5A-A0C3-8CFC-6114-987EEA28B593}.Debug|Any CPU.ActiveCfg = Debug|Any CPU
		{9950CC5A-A0C3-8CFC-6114-987EEA28B593}.Debug|Any CPU.Build.0 = Debug|Any CPU
		{9950CC5A-A0C3-8CFC-6114-987EEA28B593}.Release|Any CPU.ActiveCfg = Release|Any CPU
		{9950CC5A-A0C3-8CFC-6114-987EEA28B593}.Release|Any CPU.Build.0 = Release|Any CPU
		{A377B15B-F8C5-5474-1F00-33A8EFB47509}.Debug|Any CPU.ActiveCfg = Debug|Any CPU
		{A377B15B-F8C5-5474-1F00-33A8EFB47509}.Debug|Any CPU.Build.0 = Debug|Any CPU
		{A377B15B-F8C5-5474-1F00-33A8EFB47509}.Release|Any CPU.ActiveCfg = Release|Any CPU
		{A377B15B-F8C5-5474-1F00-33A8EFB47509}.Release|Any CPU.Build.0 = Release|Any CPU
	EndGlobalSection
	GlobalSection(SolutionProperties) = preSolution
		HideSolutionNode = FALSE
	EndGlobalSection
EndGlobal
